
Microsoft Visual Studio Solution File, Format Version 12.00
# Visual Studio 15
VisualStudioVersion = 15.0.27130.2026
MinimumVisualStudioVersion = 10.0.40219.1
Project("{9A19103F-16F7-4668-BE54-9A1E7A4F7556}") = "MyCollections", "MyCollections\MyCollections.csproj", "{9B68D0F2-1B9E-4786-B1CC-22F35B8AF659}"
EndProject
Global
	GlobalSection(SolutionConfigurationPlatforms) = preSolution
		Debug|Android = Debug|Android
		Debug|Any CPU = Debug|Any CPU
		Debug|iOS = Debug|iOS
		Debug|Windows-ARM = Debug|Windows-ARM
		Debug|Windows-x64 = Debug|Windows-x64
		Debug|Windows-x86 = Debug|Windows-x86
		Release|Android = Release|Android
		Release|Any CPU = Release|Any CPU
		Release|iOS = Release|iOS
		Release|Windows-ARM = Release|Windows-ARM
		Release|Windows-x64 = Release|Windows-x64
		Release|Windows-x86 = Release|Windows-x86
	EndGlobalSection
	GlobalSection(ProjectConfigurationPlatforms) = postSolution
		{9B68D0F2-1B9E-4786-B1CC-22F35B8AF659}.Debug|Android.ActiveCfg = Debug|Any CPU
		{9B68D0F2-1B9E-4786-B1CC-22F35B8AF659}.Debug|Android.Build.0 = Debug|Any CPU
		{9B68D0F2-1B9E-4786-B1CC-22F35B8AF659}.Debug|Any CPU.ActiveCfg = Debug|Any CPU
		{9B68D0F2-1B9E-4786-B1CC-22F35B8AF659}.Debug|Any CPU.Build.0 = Debug|Any CPU
		{9B68D0F2-1B9E-4786-B1CC-22F35B8AF659}.Debug|iOS.ActiveCfg = Debug|Any CPU
		{9B68D0F2-1B9E-4786-B1CC-22F35B8AF659}.Debug|iOS.Build.0 = Debug|Any CPU
		{9B68D0F2-1B9E-4786-B1CC-22F35B8AF659}.Debug|Windows-ARM.ActiveCfg = Debug|Any CPU
		{9B68D0F2-1B9E-4786-B1CC-22F35B8AF659}.Debug|Windows-ARM.Build.0 = Debug|Any CPU
		{9B68D0F2-1B9E-4786-B1CC-22F35B8AF659}.Debug|Windows-x64.ActiveCfg = Debug|Any CPU
		{9B68D0F2-1B9E-4786-B1CC-22F35B8AF659}.Debug|Windows-x64.Build.0 = Debug|Any CPU
		{9B68D0F2-1B9E-4786-B1CC-22F35B8AF659}.Debug|Windows-x86.ActiveCfg = Debug|Any CPU
		{9B68D0F2-1B9E-4786-B1CC-22F35B8AF659}.Debug|Windows-x86.Build.0 = Debug|Any CPU
		{9B68D0F2-1B9E-4786-B1CC-22F35B8AF659}.Release|Android.ActiveCfg = Release|Any CPU
		{9B68D0F2-1B9E-4786-B1CC-22F35B8AF659}.Release|Android.Build.0 = Release|Any CPU
		{9B68D0F2-1B9E-4786-B1CC-22F35B8AF659}.Release|Any CPU.ActiveCfg = Release|Any CPU
		{9B68D0F2-1B9E-4786-B1CC-22F35B8AF659}.Release|Any CPU.Build.0 = Release|Any CPU
		{9B68D0F2-1B9E-4786-B1CC-22F35B8AF659}.Release|iOS.ActiveCfg = Release|Any CPU
		{9B68D0F2-1B9E-4786-B1CC-22F35B8AF659}.Release|iOS.Build.0 = Release|Any CPU
		{9B68D0F2-1B9E-4786-B1CC-22F35B8AF659}.Release|Windows-ARM.ActiveCfg = Release|Any CPU
		{9B68D0F2-1B9E-4786-B1CC-22F35B8AF659}.Release|Windows-ARM.Build.0 = Release|Any CPU
		{9B68D0F2-1B9E-4786-B1CC-22F35B8AF659}.Release|Windows-x64.ActiveCfg = Release|Any CPU
		{9B68D0F2-1B9E-4786-B1CC-22F35B8AF659}.Release|Windows-x64.Build.0 = Release|Any CPU
		{9B68D0F2-1B9E-4786-B1CC-22F35B8AF659}.Release|Windows-x86.ActiveCfg = Release|Any CPU
		{9B68D0F2-1B9E-4786-B1CC-22F35B8AF659}.Release|Windows-x86.Build.0 = Release|Any CPU
	EndGlobalSection
	GlobalSection(SolutionProperties) = preSolution
		HideSolutionNode = FALSE
	EndGlobalSection
	GlobalSection(ExtensibilityGlobals) = postSolution
		SolutionGuid = {4AC8B343-F24A-4968-B13D-93BB9C6FEB7F}
	EndGlobalSection
EndGlobal
