
Microsoft Visual Studio Solution File, Format Version 12.00
# Visual Studio 15
VisualStudioVersion = 15.0.27130.2024
MinimumVisualStudioVersion = 10.0.40219.1
Project("{9A19103F-16F7-4668-BE54-9A1E7A4F7556}") = "MyCollections", "MyCollections\MyCollections.csproj", "{9B68D0F2-1B9E-4786-B1CC-22F35B8AF659}"
EndProject
Project("{E24C65DC-7377-472B-9ABA-BC803B73C61A}") = "MyCollectionsPWA", "MyCollectionsPWA\", "{3A942422-6C7D-49D4-8FF7-11E13D0A714E}"
	ProjectSection(WebsiteProperties) = preProject
		TargetFrameworkMoniker = ".NETFramework,Version%3Dv4.6.1"
		Debug.AspNetCompiler.VirtualPath = "/localhost_65304"
		Debug.AspNetCompiler.PhysicalPath = "MyCollectionsPWA\"
		Debug.AspNetCompiler.TargetPath = "PrecompiledWeb\localhost_65304\"
		Debug.AspNetCompiler.Updateable = "true"
		Debug.AspNetCompiler.ForceOverwrite = "true"
		Debug.AspNetCompiler.FixedNames = "false"
		Debug.AspNetCompiler.Debug = "True"
		Release.AspNetCompiler.VirtualPath = "/localhost_65304"
		Release.AspNetCompiler.PhysicalPath = "MyCollectionsPWA\"
		Release.AspNetCompiler.TargetPath = "PrecompiledWeb\localhost_65304\"
		Release.AspNetCompiler.Updateable = "true"
		Release.AspNetCompiler.ForceOverwrite = "true"
		Release.AspNetCompiler.FixedNames = "false"
		Release.AspNetCompiler.Debug = "False"
		VWDPort = "65304"
		DefaultWebSiteLanguage = "Visual C#"
	EndProjectSection
EndProject
Global
	GlobalSection(SolutionConfigurationPlatforms) = preSolution
		Debug|Any CPU = Debug|Any CPU
		Release|Any CPU = Release|Any CPU
	EndGlobalSection
	GlobalSection(ProjectConfigurationPlatforms) = postSolution
		{9B68D0F2-1B9E-4786-B1CC-22F35B8AF659}.Debug|Any CPU.ActiveCfg = Debug|Any CPU
		{9B68D0F2-1B9E-4786-B1CC-22F35B8AF659}.Debug|Any CPU.Build.0 = Debug|Any CPU
		{9B68D0F2-1B9E-4786-B1CC-22F35B8AF659}.Release|Any CPU.ActiveCfg = Release|Any CPU
		{9B68D0F2-1B9E-4786-B1CC-22F35B8AF659}.Release|Any CPU.Build.0 = Release|Any CPU
		{3A942422-6C7D-49D4-8FF7-11E13D0A714E}.Debug|Any CPU.ActiveCfg = Debug|Any CPU
		{3A942422-6C7D-49D4-8FF7-11E13D0A714E}.Debug|Any CPU.Build.0 = Debug|Any CPU
		{3A942422-6C7D-49D4-8FF7-11E13D0A714E}.Release|Any CPU.ActiveCfg = Debug|Any CPU
		{3A942422-6C7D-49D4-8FF7-11E13D0A714E}.Release|Any CPU.Build.0 = Debug|Any CPU
	EndGlobalSection
	GlobalSection(SolutionProperties) = preSolution
		HideSolutionNode = FALSE
	EndGlobalSection
	GlobalSection(ExtensibilityGlobals) = postSolution
		SolutionGuid = {4AC8B343-F24A-4968-B13D-93BB9C6FEB7F}
	EndGlobalSection
EndGlobal
